{
  "object": {
    "pins": [
      {
        "package": "Matchable",
        "repositoryURL": "https://github.com/elegantchaos/Matchable.git",
        "state": {
          "branch": null,
          "revision": "0f523c77bf4b0dbbdc0838b952262ed45fab17f8",
          "version": "1.0.6"
        }
      }
    ]
  },
  "version": 1
}
