{
  "object": {
    "pins": [
      {
        "package": "Matchable",
        "repositoryURL": "https://github.com/elegantchaos/Matchable.git",
        "state": {
          "branch": null,
          "revision": "3131cc8555a55f33a9888680e99543c5de43f4f7",
          "version": "1.0.5"
        }
      }
    ]
  },
  "version": 1
}
